// !$*UTF8*$!
{
	archiveVersion = 1;
	classes = {
	};
	objectVersion = 46;
	objects = {

/* Begin PBXBuildFile section */
		5021BC8318FDAE3C001749D4 /* Foundation.framework in Frameworks */ = {isa = PBXBuildFile; fileRef = 5021BC8218FDAE3C001749D4 /* Foundation.framework */; };
		5021BC8518FDAE3C001749D4 /* CoreGraphics.framework in Frameworks */ = {isa = PBXBuildFile; fileRef = 5021BC8418FDAE3C001749D4 /* CoreGraphics.framework */; };
		5021BC8718FDAE3C001749D4 /* UIKit.framework in Frameworks */ = {isa = PBXBuildFile; fileRef = 5021BC8618FDAE3C001749D4 /* UIKit.framework */; };
		5021BC8D18FDAE3C001749D4 /* InfoPlist.strings in Resources */ = {isa = PBXBuildFile; fileRef = 5021BC8B18FDAE3C001749D4 /* InfoPlist.strings */; };
		5021BC8F18FDAE3C001749D4 /* main.m in Sources */ = {isa = PBXBuildFile; fileRef = 5021BC8E18FDAE3C001749D4 /* main.m */; };
		5021BC9318FDAE3C001749D4 /* ITSCalcAppDelegate.m in Sources */ = {isa = PBXBuildFile; fileRef = 5021BC9218FDAE3C001749D4 /* ITSCalcAppDelegate.m */; };
		5021BC9618FDAE3C001749D4 /* Main.storyboard in Resources */ = {isa = PBXBuildFile; fileRef = 5021BC9418FDAE3C001749D4 /* Main.storyboard */; };
		5021BC9918FDAE3C001749D4 /* ITSCalcViewController.m in Sources */ = {isa = PBXBuildFile; fileRef = 5021BC9818FDAE3C001749D4 /* ITSCalcViewController.m */; };
		5021BC9B18FDAE3C001749D4 /* Images.xcassets in Resources */ = {isa = PBXBuildFile; fileRef = 5021BC9A18FDAE3C001749D4 /* Images.xcassets */; };
		5021BCA218FDAE3C001749D4 /* XCTest.framework in Frameworks */ = {isa = PBXBuildFile; fileRef = 5021BCA118FDAE3C001749D4 /* XCTest.framework */; };
		5021BCA318FDAE3C001749D4 /* Foundation.framework in Frameworks */ = {isa = PBXBuildFile; fileRef = 5021BC8218FDAE3C001749D4 /* Foundation.framework */; };
		5021BCA418FDAE3C001749D4 /* UIKit.framework in Frameworks */ = {isa = PBXBuildFile; fileRef = 5021BC8618FDAE3C001749D4 /* UIKit.framework */; };
		5021BCAC18FDAE3C001749D4 /* InfoPlist.strings in Resources */ = {isa = PBXBuildFile; fileRef = 5021BCAA18FDAE3C001749D4 /* InfoPlist.strings */; };
		5021BCAE18FDAE3C001749D4 /* ITSCalcTests.m in Sources */ = {isa = PBXBuildFile; fileRef = 5021BCAD18FDAE3C001749D4 /* ITSCalcTests.m */; };
/* End PBXBuildFile section */

/* Begin PBXContainerItemProxy section */
		5021BCA518FDAE3C001749D4 /* PBXContainerItemProxy */ = {
			isa = PBXContainerItemProxy;
			containerPortal = 5021BC7718FDAE3C001749D4 /* Project object */;
			proxyType = 1;
			remoteGlobalIDString = 5021BC7E18FDAE3C001749D4;
			remoteInfo = ITSCalc;
		};
/* End PBXContainerItemProxy section */

/* Begin PBXFileReference section */
		5021BC7F18FDAE3C001749D4 /* ITSCalc.app */ = {isa = PBXFileReference; explicitFileType = wrapper.application; includeInIndex = 0; path = ITSCalc.app; sourceTree = BUILT_PRODUCTS_DIR; };
		5021BC8218FDAE3C001749D4 /* Foundation.framework */ = {isa = PBXFileReference; lastKnownFileType = wrapper.framework; name = Foundation.framework; path = System/Library/Frameworks/Foundation.framework; sourceTree = SDKROOT; };
		5021BC8418FDAE3C001749D4 /* CoreGraphics.framework */ = {isa = PBXFileReference; lastKnownFileType = wrapper.framework; name = CoreGraphics.framework; path = System/Library/Frameworks/CoreGraphics.framework; sourceTree = SDKROOT; };
		5021BC8618FDAE3C001749D4 /* UIKit.framework */ = {isa = PBXFileReference; lastKnownFileType = wrapper.framework; name = UIKit.framework; path = System/Library/Frameworks/UIKit.framework; sourceTree = SDKROOT; };
		5021BC8A18FDAE3C001749D4 /* ITSCalc-Info.plist */ = {isa = PBXFileReference; lastKnownFileType = text.plist.xml; path = "ITSCalc-Info.plist"; sourceTree = "<group>"; };
		5021BC8C18FDAE3C001749D4 /* en */ = {isa = PBXFileReference; lastKnownFileType = text.plist.strings; name = en; path = en.lproj/InfoPlist.strings; sourceTree = "<group>"; };
		5021BC8E18FDAE3C001749D4 /* main.m */ = {isa = PBXFileReference; lastKnownFileType = sourcecode.c.objc; path = main.m; sourceTree = "<group>"; };
		5021BC9018FDAE3C001749D4 /* ITSCalc-Prefix.pch */ = {isa = PBXFileReference; lastKnownFileType = sourcecode.c.h; path = "ITSCalc-Prefix.pch"; sourceTree = "<group>"; };
		5021BC9118FDAE3C001749D4 /* ITSCalcAppDelegate.h */ = {isa = PBXFileReference; lastKnownFileType = sourcecode.c.h; path = ITSCalcAppDelegate.h; sourceTree = "<group>"; };
		5021BC9218FDAE3C001749D4 /* ITSCalcAppDelegate.m */ = {isa = PBXFileReference; lastKnownFileType = sourcecode.c.objc; path = ITSCalcAppDelegate.m; sourceTree = "<group>"; };
		5021BC9518FDAE3C001749D4 /* Base */ = {isa = PBXFileReference; lastKnownFileType = file.storyboard; name = Base; path = Base.lproj/Main.storyboard; sourceTree = "<group>"; };
		5021BC9718FDAE3C001749D4 /* ITSCalcViewController.h */ = {isa = PBXFileReference; lastKnownFileType = sourcecode.c.h; path = ITSCalcViewController.h; sourceTree = "<group>"; };
		5021BC9818FDAE3C001749D4 /* ITSCalcViewController.m */ = {isa = PBXFileReference; lastKnownFileType = sourcecode.c.objc; path = ITSCalcViewController.m; sourceTree = "<group>"; };
		5021BC9A18FDAE3C001749D4 /* Images.xcassets */ = {isa = PBXFileReference; lastKnownFileType = folder.assetcatalog; path = Images.xcassets; sourceTree = "<group>"; };
		5021BCA018FDAE3C001749D4 /* ITSCalcTests.xctest */ = {isa = PBXFileReference; explicitFileType = wrapper.cfbundle; includeInIndex = 0; path = ITSCalcTests.xctest; sourceTree = BUILT_PRODUCTS_DIR; };
		5021BCA118FDAE3C001749D4 /* XCTest.framework */ = {isa = PBXFileReference; lastKnownFileType = wrapper.framework; name = XCTest.framework; path = Library/Frameworks/XCTest.framework; sourceTree = DEVELOPER_DIR; };
		5021BCA918FDAE3C001749D4 /* ITSCalcTests-Info.plist */ = {isa = PBXFileReference; lastKnownFileType = text.plist.xml; path = "ITSCalcTests-Info.plist"; sourceTree = "<group>"; };
		5021BCAB18FDAE3C001749D4 /* en */ = {isa = PBXFileReference; lastKnownFileType = text.plist.strings; name = en; path = en.lproj/InfoPlist.strings; sourceTree = "<group>"; };
		5021BCAD18FDAE3C001749D4 /* ITSCalcTests.m */ = {isa = PBXFileReference; lastKnownFileType = sourcecode.c.objc; path = ITSCalcTests.m; sourceTree = "<group>"; };
/* End PBXFileReference section */

/* Begin PBXFrameworksBuildPhase section */
		5021BC7C18FDAE3C001749D4 /* Frameworks */ = {
			isa = PBXFrameworksBuildPhase;
			buildActionMask = 2147483647;
			files = (
				5021BC8518FDAE3C001749D4 /* CoreGraphics.framework in Frameworks */,
				5021BC8718FDAE3C001749D4 /* UIKit.framework in Frameworks */,
				5021BC8318FDAE3C001749D4 /* Foundation.framework in Frameworks */,
			);
			runOnlyForDeploymentPostprocessing = 0;
		};
		5021BC9D18FDAE3C001749D4 /* Frameworks */ = {
			isa = PBXFrameworksBuildPhase;
			buildActionMask = 2147483647;
			files = (
				5021BCA218FDAE3C001749D4 /* XCTest.framework in Frameworks */,
				5021BCA418FDAE3C001749D4 /* UIKit.framework in Frameworks */,
				5021BCA318FDAE3C001749D4 /* Foundation.framework in Frameworks */,
			);
			runOnlyForDeploymentPostprocessing = 0;
		};
/* End PBXFrameworksBuildPhase section */

/* Begin PBXGroup section */
		5021BC7618FDAE3C001749D4 = {
			isa = PBXGroup;
			children = (
				5021BC8818FDAE3C001749D4 /* ITSCalc */,
				5021BCA718FDAE3C001749D4 /* ITSCalcTests */,
				5021BC8118FDAE3C001749D4 /* Frameworks */,
				5021BC8018FDAE3C001749D4 /* Products */,
			);
			sourceTree = "<group>";
		};
		5021BC8018FDAE3C001749D4 /* Products */ = {
			isa = PBXGroup;
			children = (
				5021BC7F18FDAE3C001749D4 /* ITSCalc.app */,
				5021BCA018FDAE3C001749D4 /* ITSCalcTests.xctest */,
			);
			name = Products;
			sourceTree = "<group>";
		};
		5021BC8118FDAE3C001749D4 /* Frameworks */ = {
			isa = PBXGroup;
			children = (
				5021BC8218FDAE3C001749D4 /* Foundation.framework */,
				5021BC8418FDAE3C001749D4 /* CoreGraphics.framework */,
				5021BC8618FDAE3C001749D4 /* UIKit.framework */,
				5021BCA118FDAE3C001749D4 /* XCTest.framework */,
			);
			name = Frameworks;
			sourceTree = "<group>";
		};
		5021BC8818FDAE3C001749D4 /* ITSCalc */ = {
			isa = PBXGroup;
			children = (
				5021BC9118FDAE3C001749D4 /* ITSCalcAppDelegate.h */,
				5021BC9218FDAE3C001749D4 /* ITSCalcAppDelegate.m */,
				5021BC9418FDAE3C001749D4 /* Main.storyboard */,
				5021BC9718FDAE3C001749D4 /* ITSCalcViewController.h */,
				5021BC9818FDAE3C001749D4 /* ITSCalcViewController.m */,
				5021BC9A18FDAE3C001749D4 /* Images.xcassets */,
				5021BC8918FDAE3C001749D4 /* Supporting Files */,
			);
			path = ITSCalc;
			sourceTree = "<group>";
		};
		5021BC8918FDAE3C001749D4 /* Supporting Files */ = {
			isa = PBXGroup;
			children = (
				5021BC8A18FDAE3C001749D4 /* ITSCalc-Info.plist */,
				5021BC8B18FDAE3C001749D4 /* InfoPlist.strings */,
				5021BC8E18FDAE3C001749D4 /* main.m */,
				5021BC9018FDAE3C001749D4 /* ITSCalc-Prefix.pch */,
			);
			name = "Supporting Files";
			sourceTree = "<group>";
		};
		5021BCA718FDAE3C001749D4 /* ITSCalcTests */ = {
			isa = PBXGroup;
			children = (
				5021BCAD18FDAE3C001749D4 /* ITSCalcTests.m */,
				5021BCA818FDAE3C001749D4 /* Supporting Files */,
			);
			path = ITSCalcTests;
			sourceTree = "<group>";
		};
		5021BCA818FDAE3C001749D4 /* Supporting Files */ = {
			isa = PBXGroup;
			children = (
				5021BCA918FDAE3C001749D4 /* ITSCalcTests-Info.plist */,
				5021BCAA18FDAE3C001749D4 /* InfoPlist.strings */,
			);
			name = "Supporting Files";
			sourceTree = "<group>";
		};
/* End PBXGroup section */

/* Begin PBXNativeTarget section */
		5021BC7E18FDAE3C001749D4 /* ITSCalc */ = {
			isa = PBXNativeTarget;
			buildConfigurationList = 5021BCB118FDAE3C001749D4 /* Build configuration list for PBXNativeTarget "ITSCalc" */;
			buildPhases = (
				5021BC7B18FDAE3C001749D4 /* Sources */,
				5021BC7C18FDAE3C001749D4 /* Frameworks */,
				5021BC7D18FDAE3C001749D4 /* Resources */,
			);
			buildRules = (
			);
			dependencies = (
			);
			name = ITSCalc;
			productName = ITSCalc;
			productReference = 5021BC7F18FDAE3C001749D4 /* ITSCalc.app */;
			productType = "com.apple.product-type.application";
		};
		5021BC9F18FDAE3C001749D4 /* ITSCalcTests */ = {
			isa = PBXNativeTarget;
			buildConfigurationList = 5021BCB418FDAE3C001749D4 /* Build configuration list for PBXNativeTarget "ITSCalcTests" */;
			buildPhases = (
				5021BC9C18FDAE3C001749D4 /* Sources */,
				5021BC9D18FDAE3C001749D4 /* Frameworks */,
				5021BC9E18FDAE3C001749D4 /* Resources */,
			);
			buildRules = (
			);
			dependencies = (
				5021BCA618FDAE3C001749D4 /* PBXTargetDependency */,
			);
			name = ITSCalcTests;
			productName = ITSCalcTests;
			productReference = 5021BCA018FDAE3C001749D4 /* ITSCalcTests.xctest */;
			productType = "com.apple.product-type.bundle.unit-test";
		};
/* End PBXNativeTarget section */

/* Begin PBXProject section */
		5021BC7718FDAE3C001749D4 /* Project object */ = {
			isa = PBXProject;
			attributes = {
				CLASSPREFIX = ITSCalc;
				LastUpgradeCheck = 0510;
				ORGANIZATIONNAME = "Sergey Sychov";
				TargetAttributes = {
					5021BC9F18FDAE3C001749D4 = {
						TestTargetID = 5021BC7E18FDAE3C001749D4;
					};
				};
			};
			buildConfigurationList = 5021BC7A18FDAE3C001749D4 /* Build configuration list for PBXProject "ITSCalc" */;
			compatibilityVersion = "Xcode 3.2";
			developmentRegion = English;
			hasScannedForEncodings = 0;
			knownRegions = (
				en,
				Base,
			);
			mainGroup = 5021BC7618FDAE3C001749D4;
			productRefGroup = 5021BC8018FDAE3C001749D4 /* Products */;
			projectDirPath = "";
			projectRoot = "";
			targets = (
				5021BC7E18FDAE3C001749D4 /* ITSCalc */,
				5021BC9F18FDAE3C001749D4 /* ITSCalcTests */,
			);
		};
/* End PBXProject section */

/* Begin PBXResourcesBuildPhase section */
		5021BC7D18FDAE3C001749D4 /* Resources */ = {
			isa = PBXResourcesBuildPhase;
			buildActionMask = 2147483647;
			files = (
				5021BC9B18FDAE3C001749D4 /* Images.xcassets in Resources */,
				5021BC8D18FDAE3C001749D4 /* InfoPlist.strings in Resources */,
				5021BC9618FDAE3C001749D4 /* Main.storyboard in Resources */,
			);
			runOnlyForDeploymentPostprocessing = 0;
		};
		5021BC9E18FDAE3C001749D4 /* Resources */ = {
			isa = PBXResourcesBuildPhase;
			buildActionMask = 2147483647;
			files = (
				5021BCAC18FDAE3C001749D4 /* InfoPlist.strings in Resources */,
			);
			runOnlyForDeploymentPostprocessing = 0;
		};
/* End PBXResourcesBuildPhase section */

/* Begin PBXSourcesBuildPhase section */
		5021BC7B18FDAE3C001749D4 /* Sources */ = {
			isa = PBXSourcesBuildPhase;
			buildActionMask = 2147483647;
			files = (
				5021BC9918FDAE3C001749D4 /* ITSCalcViewController.m in Sources */,
				5021BC9318FDAE3C001749D4 /* ITSCalcAppDelegate.m in Sources */,
				5021BC8F18FDAE3C001749D4 /* main.m in Sources */,
			);
			runOnlyForDeploymentPostprocessing = 0;
		};
		5021BC9C18FDAE3C001749D4 /* Sources */ = {
			isa = PBXSourcesBuildPhase;
			buildActionMask = 2147483647;
			files = (
				5021BCAE18FDAE3C001749D4 /* ITSCalcTests.m in Sources */,
			);
			runOnlyForDeploymentPostprocessing = 0;
		};
/* End PBXSourcesBuildPhase section */

/* Begin PBXTargetDependency section */
		5021BCA618FDAE3C001749D4 /* PBXTargetDependency */ = {
			isa = PBXTargetDependency;
			target = 5021BC7E18FDAE3C001749D4 /* ITSCalc */;
			targetProxy = 5021BCA518FDAE3C001749D4 /* PBXContainerItemProxy */;
		};
/* End PBXTargetDependency section */

/* Begin PBXVariantGroup section */
		5021BC8B18FDAE3C001749D4 /* InfoPlist.strings */ = {
			isa = PBXVariantGroup;
			children = (
				5021BC8C18FDAE3C001749D4 /* en */,
			);
			name = InfoPlist.strings;
			sourceTree = "<group>";
		};
		5021BC9418FDAE3C001749D4 /* Main.storyboard */ = {
			isa = PBXVariantGroup;
			children = (
				5021BC9518FDAE3C001749D4 /* Base */,
			);
			name = Main.storyboard;
			sourceTree = "<group>";
		};
		5021BCAA18FDAE3C001749D4 /* InfoPlist.strings */ = {
			isa = PBXVariantGroup;
			children = (
				5021BCAB18FDAE3C001749D4 /* en */,
			);
			name = InfoPlist.strings;
			sourceTree = "<group>";
		};
/* End PBXVariantGroup section */

/* Begin XCBuildConfiguration section */
		5021BCAF18FDAE3C001749D4 /* Debug */ = {
			isa = XCBuildConfiguration;
			buildSettings = {
				ALWAYS_SEARCH_USER_PATHS = NO;
				CLANG_CXX_LANGUAGE_STANDARD = "gnu++0x";
				CLANG_CXX_LIBRARY = "libc++";
				CLANG_ENABLE_MODULES = YES;
				CLANG_ENABLE_OBJC_ARC = YES;
				CLANG_WARN_BOOL_CONVERSION = YES;
				CLANG_WARN_CONSTANT_CONVERSION = YES;
				CLANG_WARN_DIRECT_OBJC_ISA_USAGE = YES_ERROR;
				CLANG_WARN_EMPTY_BODY = YES;
				CLANG_WARN_ENUM_CONVERSION = YES;
				CLANG_WARN_INT_CONVERSION = YES;
				CLANG_WARN_OBJC_ROOT_CLASS = YES_ERROR;
				CLANG_WARN__DUPLICATE_METHOD_MATCH = YES;
				"CODE_SIGN_IDENTITY[sdk=iphoneos*]" = "iPhone Developer";
				COPY_PHASE_STRIP = NO;
				GCC_C_LANGUAGE_STANDARD = gnu99;
				GCC_DYNAMIC_NO_PIC = NO;
				GCC_OPTIMIZATION_LEVEL = 0;
				GCC_PREPROCESSOR_DEFINITIONS = (
					"DEBUG=1",
					"$(inherited)",
				);
				GCC_SYMBOLS_PRIVATE_EXTERN = NO;
				GCC_WARN_64_TO_32_BIT_CONVERSION = YES;
				GCC_WARN_ABOUT_RETURN_TYPE = YES_ERROR;
				GCC_WARN_UNDECLARED_SELECTOR = YES;
				GCC_WARN_UNINITIALIZED_AUTOS = YES_AGGRESSIVE;
				GCC_WARN_UNUSED_FUNCTION = YES;
				GCC_WARN_UNUSED_VARIABLE = YES;
				IPHONEOS_DEPLOYMENT_TARGET = 7.1;
				ONLY_ACTIVE_ARCH = YES;
				SDKROOT = iphoneos;
			};
			name = Debug;
		};
		5021BCB018FDAE3C001749D4 /* Release */ = {
			isa = XCBuildConfiguration;
			buildSettings = {
				ALWAYS_SEARCH_USER_PATHS = NO;
				CLANG_CXX_LANGUAGE_STANDARD = "gnu++0x";
				CLANG_CXX_LIBRARY = "libc++";
				CLANG_ENABLE_MODULES = YES;
				CLANG_ENABLE_OBJC_ARC = YES;
				CLANG_WARN_BOOL_CONVERSION = YES;
				CLANG_WARN_CONSTANT_CONVERSION = YES;
				CLANG_WARN_DIRECT_OBJC_ISA_USAGE = YES_ERROR;
				CLANG_WARN_EMPTY_BODY = YES;
				CLANG_WARN_ENUM_CONVERSION = YES;
				CLANG_WARN_INT_CONVERSION = YES;
				CLANG_WARN_OBJC_ROOT_CLASS = YES_ERROR;
				CLANG_WARN__DUPLICATE_METHOD_MATCH = YES;
				"CODE_SIGN_IDENTITY[sdk=iphoneos*]" = "iPhone Developer";
				COPY_PHASE_STRIP = YES;
				ENABLE_NS_ASSERTIONS = NO;
				GCC_C_LANGUAGE_STANDARD = gnu99;
				GCC_WARN_64_TO_32_BIT_CONVERSION = YES;
				GCC_WARN_ABOUT_RETURN_TYPE = YES_ERROR;
				GCC_WARN_UNDECLARED_SELECTOR = YES;
				GCC_WARN_UNINITIALIZED_AUTOS = YES_AGGRESSIVE;
				GCC_WARN_UNUSED_FUNCTION = YES;
				GCC_WARN_UNUSED_VARIABLE = YES;
				IPHONEOS_DEPLOYMENT_TARGET = 7.1;
				SDKROOT = iphoneos;
				VALIDATE_PRODUCT = YES;
			};
			name = Release;
		};
		5021BCB218FDAE3C001749D4 /* Debug */ = {
			isa = XCBuildConfiguration;
			buildSettings = {
				ASSETCATALOG_COMPILER_APPICON_NAME = AppIcon;
				ASSETCATALOG_COMPILER_LAUNCHIMAGE_NAME = LaunchImage;
				GCC_PRECOMPILE_PREFIX_HEADER = YES;
				GCC_PREFIX_HEADER = "ITSCalc/ITSCalc-Prefix.pch";
				INFOPLIST_FILE = "ITSCalc/ITSCalc-Info.plist";
				PRODUCT_NAME = "$(TARGET_NAME)";
				WRAPPER_EXTENSION = app;
			};
			name = Debug;
		};
		5021BCB318FDAE3C001749D4 /* Release */ = {
			isa = XCBuildConfiguration;
			buildSettings = {
				ASSETCATALOG_COMPILER_APPICON_NAME = AppIcon;
				ASSETCATALOG_COMPILER_LAUNCHIMAGE_NAME = LaunchImage;
				GCC_PRECOMPILE_PREFIX_HEADER = YES;
				GCC_PREFIX_HEADER = "ITSCalc/ITSCalc-Prefix.pch";
				INFOPLIST_FILE = "ITSCalc/ITSCalc-Info.plist";
				PRODUCT_NAME = "$(TARGET_NAME)";
				WRAPPER_EXTENSION = app;
			};
			name = Release;
		};
		5021BCB518FDAE3C001749D4 /* Debug */ = {
			isa = XCBuildConfiguration;
			buildSettings = {
				BUNDLE_LOADER = "$(BUILT_PRODUCTS_DIR)/ITSCalc.app/ITSCalc";
				FRAMEWORK_SEARCH_PATHS = (
					"$(SDKROOT)/Developer/Library/Frameworks",
					"$(inherited)",
					"$(DEVELOPER_FRAMEWORKS_DIR)",
				);
				GCC_PRECOMPILE_PREFIX_HEADER = YES;
				GCC_PREFIX_HEADER = "ITSCalc/ITSCalc-Prefix.pch";
				GCC_PREPROCESSOR_DEFINITIONS = (
					"DEBUG=1",
					"$(inherited)",
				);
				INFOPLIST_FILE = "ITSCalcTests/ITSCalcTests-Info.plist";
				PRODUCT_NAME = "$(TARGET_NAME)";
				TEST_HOST = "$(BUNDLE_LOADER)";
				WRAPPER_EXTENSION = xctest;
			};
			name = Debug;
		};
		5021BCB618FDAE3C001749D4 /* Release */ = {
			isa = XCBuildConfiguration;
			buildSettings = {
				BUNDLE_LOADER = "$(BUILT_PRODUCTS_DIR)/ITSCalc.app/ITSCalc";
				FRAMEWORK_SEARCH_PATHS = (
					"$(SDKROOT)/Developer/Library/Frameworks",
					"$(inherited)",
					"$(DEVELOPER_FRAMEWORKS_DIR)",
				);
				GCC_PRECOMPILE_PREFIX_HEADER = YES;
				GCC_PREFIX_HEADER = "ITSCalc/ITSCalc-Prefix.pch";
				INFOPLIST_FILE = "ITSCalcTests/ITSCalcTests-Info.plist";
				PRODUCT_NAME = "$(TARGET_NAME)";
				TEST_HOST = "$(BUNDLE_LOADER)";
				WRAPPER_EXTENSION = xctest;
			};
			name = Release;
		};
/* End XCBuildConfiguration section */

/* Begin XCConfigurationList section */
		5021BC7A18FDAE3C001749D4 /* Build configuration list for PBXProject "ITSCalc" */ = {
			isa = XCConfigurationList;
			buildConfigurations = (
				5021BCAF18FDAE3C001749D4 /* Debug */,
				5021BCB018FDAE3C001749D4 /* Release */,
			);
			defaultConfigurationIsVisible = 0;
			defaultConfigurationName = Release;
		};
		5021BCB118FDAE3C001749D4 /* Build configuration list for PBXNativeTarget "ITSCalc" */ = {
			isa = XCConfigurationList;
			buildConfigurations = (
				5021BCB218FDAE3C001749D4 /* Debug */,
				5021BCB318FDAE3C001749D4 /* Release */,
			);
			defaultConfigurationIsVisible = 0;
		};
		5021BCB418FDAE3C001749D4 /* Build configuration list for PBXNativeTarget "ITSCalcTests" */ = {
			isa = XCConfigurationList;
			buildConfigurations = (
				5021BCB518FDAE3C001749D4 /* Debug */,
				5021BCB618FDAE3C001749D4 /* Release */,
			);
			defaultConfigurationIsVisible = 0;
		};
/* End XCConfigurationList section */
	};
	rootObject = 5021BC7718FDAE3C001749D4 /* Project object */;
}
